
Microsoft Visual Studio Solution File, Format Version 12.00
# Visual Studio 15
VisualStudioVersion = 15.0.27004.2006
MinimumVisualStudioVersion = 10.0.40219.1
Project("{FAE04EC0-301F-11D3-BF4B-00C04F79EFBC}") = "DocStore.WebUI", "DocStore.WebUI\DocStore.WebUI.csproj", "{653CAD70-A325-4B0D-91DC-C0E12817DDAC}"
EndProject
Project("{FAE04EC0-301F-11D3-BF4B-00C04F79EFBC}") = "DocStore.Domain", "DocStore.Domain\DocStore.Domain.csproj", "{09C8215C-6E34-4C33-929A-F46D004B4135}"
EndProject
Project("{FAE04EC0-301F-11D3-BF4B-00C04F79EFBC}") = "Services", "Services\Services.csproj", "{C3B2715A-1A51-4B3B-B7B4-F3FE0ABDAA0E}"
EndProject
Global
	GlobalSection(SolutionConfigurationPlatforms) = preSolution
		Debug|Any CPU = Debug|Any CPU
		Release|Any CPU = Release|Any CPU
	EndGlobalSection
	GlobalSection(ProjectConfigurationPlatforms) = postSolution
		{653CAD70-A325-4B0D-91DC-C0E12817DDAC}.Debug|Any CPU.ActiveCfg = Debug|Any CPU
		{653CAD70-A325-4B0D-91DC-C0E12817DDAC}.Debug|Any CPU.Build.0 = Debug|Any CPU
		{653CAD70-A325-4B0D-91DC-C0E12817DDAC}.Release|Any CPU.ActiveCfg = Release|Any CPU
		{653CAD70-A325-4B0D-91DC-C0E12817DDAC}.Release|Any CPU.Build.0 = Release|Any CPU
		{09C8215C-6E34-4C33-929A-F46D004B4135}.Debug|Any CPU.ActiveCfg = Debug|Any CPU
		{09C8215C-6E34-4C33-929A-F46D004B4135}.Debug|Any CPU.Build.0 = Debug|Any CPU
		{09C8215C-6E34-4C33-929A-F46D004B4135}.Release|Any CPU.ActiveCfg = Release|Any CPU
		{09C8215C-6E34-4C33-929A-F46D004B4135}.Release|Any CPU.Build.0 = Release|Any CPU
		{C3B2715A-1A51-4B3B-B7B4-F3FE0ABDAA0E}.Debug|Any CPU.ActiveCfg = Debug|Any CPU
		{C3B2715A-1A51-4B3B-B7B4-F3FE0ABDAA0E}.Debug|Any CPU.Build.0 = Debug|Any CPU
		{C3B2715A-1A51-4B3B-B7B4-F3FE0ABDAA0E}.Release|Any CPU.ActiveCfg = Release|Any CPU
		{C3B2715A-1A51-4B3B-B7B4-F3FE0ABDAA0E}.Release|Any CPU.Build.0 = Release|Any CPU
	EndGlobalSection
	GlobalSection(SolutionProperties) = preSolution
		HideSolutionNode = FALSE
	EndGlobalSection
	GlobalSection(ExtensibilityGlobals) = postSolution
		SolutionGuid = {484F91FE-6B1C-4065-BF48-BA50A75A8631}
	EndGlobalSection
EndGlobal
